speakeasyVersion: 1.622.1
sources:
    Mollie API:
        sourceNamespace: mollie-api
        sourceRevisionDigest: sha256:38fe5e4c59679e381c493210826706d33ea885e11f639d8c746e6b3cc98c60f1
        sourceBlobDigest: sha256:31ab9889f58ba352e9ace6bd7347fd5318f31790ad28881b7005616fba8f178e
        tags:
            - latest
            - speakeasy-sdk-regen-1758616586
            - 1.0.0
targets:
    client:
        source: Mollie API
        sourceNamespace: mollie-api
        sourceRevisionDigest: sha256:38fe5e4c59679e381c493210826706d33ea885e11f639d8c746e6b3cc98c60f1
        sourceBlobDigest: sha256:31ab9889f58ba352e9ace6bd7347fd5318f31790ad28881b7005616fba8f178e
        codeSamplesNamespace: mollie-api-typescript-code-samples
        codeSamplesRevisionDigest: sha256:2d169dd2b766b420cb4aabd545ccc82ffbc3816c909cb26bf8b9c51012b113d2
workflow:
    workflowVersion: 1.0.0
    speakeasyVersion: latest
    sources:
        Mollie API:
            inputs:
                - location: https://raw.githubusercontent.com/mollie/openapi-specs/main/specs.yaml
            output: .speakeasy/out.openapi.yaml
            registry:
                location: registry.speakeasyapi.dev/mollie-oom/mollie/mollie-api
    targets:
        client:
            target: typescript
            source: Mollie API
            publish:
                npm:
                    token: $npm_token
            codeSamples:
                registry:
                    location: registry.speakeasyapi.dev/mollie-oom/mollie/mollie-api-typescript-code-samples
                labelOverride:
                    fixedValue: Typescript (SDK)
                blocking: false
