speakeasyVersion: 1.636.0
sources:
    Mollie API:
        sourceNamespace: mollie-api
        sourceRevisionDigest: sha256:cd25aa3816ae1f853e0ca571427a9052c2488fe21ceeed2dc576269521da2554
        sourceBlobDigest: sha256:641e975c83e89f6873eba052a9f2e67c206c40e0dd75aa419a36ec959f91c802
        tags:
            - latest
            - speakeasy-sdk-regen-1759881747
            - 1.0.0
targets:
    client:
        source: Mollie API
        sourceNamespace: mollie-api
        sourceRevisionDigest: sha256:cd25aa3816ae1f853e0ca571427a9052c2488fe21ceeed2dc576269521da2554
        sourceBlobDigest: sha256:641e975c83e89f6873eba052a9f2e67c206c40e0dd75aa419a36ec959f91c802
        codeSamplesNamespace: mollie-api-typescript-code-samples
        codeSamplesRevisionDigest: sha256:4b9983f4500ea499f31544ef22fefdc2ff107743c62e76c274d7d33a760bfd45
workflow:
    workflowVersion: 1.0.0
    speakeasyVersion: latest
    sources:
        Mollie API:
            inputs:
                - location: https://raw.githubusercontent.com/mollie/openapi-specs/main/specs.yaml
            output: .speakeasy/out.openapi.yaml
            registry:
                location: registry.speakeasyapi.dev/mollie-oom/mollie/mollie-api
    targets:
        client:
            target: typescript
            source: Mollie API
            publish:
                npm:
                    token: $npm_token
            codeSamples:
                registry:
                    location: registry.speakeasyapi.dev/mollie-oom/mollie/mollie-api-typescript-code-samples
                labelOverride:
                    fixedValue: Typescript (SDK)
                blocking: false
